
Microsoft Visual Studio Solution File, Format Version 12.00
# Visual Studio 15
VisualStudioVersion = 15.0.33919.361
MinimumVisualStudioVersion = 10.0.40219.1
Project("{FAE04EC0-301F-11D3-BF4B-00C04F79EFBC}") = "exp2", "exp2\exp2.csproj", "{F44C6343-B0CC-4B22-A617-E8A26CF046FA}"
EndProject
Global
	GlobalSection(SolutionConfigurationPlatforms) = preSolution
		Debug|Any CPU = Debug|Any CPU
		Release|Any CPU = Release|Any CPU
	EndGlobalSection
	GlobalSection(ProjectConfigurationPlatforms) = postSolution
		{F44C6343-B0CC-4B22-A617-E8A26CF046FA}.Debug|Any CPU.ActiveCfg = Debug|Any CPU
		{F44C6343-B0CC-4B22-A617-E8A26CF046FA}.Debug|Any CPU.Build.0 = Debug|Any CPU
		{F44C6343-B0CC-4B22-A617-E8A26CF046FA}.Release|Any CPU.ActiveCfg = Release|Any CPU
		{F44C6343-B0CC-4B22-A617-E8A26CF046FA}.Release|Any CPU.Build.0 = Release|Any CPU
	EndGlobalSection
	GlobalSection(SolutionProperties) = preSolution
		HideSolutionNode = FALSE
	EndGlobalSection
	GlobalSection(ExtensibilityGlobals) = postSolution
		SolutionGuid = {6B74FAF1-46EE-45B7-903D-E52FA487CA19}
	EndGlobalSection
EndGlobal
